# This file is autogenerated, do not edit; changes may be undone by the next 'dep ensure'.


[[projects]]
  digest = "1:9ff22c26414baf7deaf74f2a788fe7b97666048bcbe346c52cfe823442abbdfb"
  name = "github.com/lib/pq"
  packages = [
    ".",
    "oid",
    "scram",
  ]
  pruneopts = "UT"
  revision = "99274577be97ac9b1d95a2d61d566dc9b7cc6a54"
  version = "v1.3.0"

[[projects]]
  branch = "master"
  digest = "1:7b5dd0298cd36433145971da62f08b97404c8c0b0a444bbc936f1365e7bc531f"
  name = "github.com/rubenv/sql-migrate"
  packages = [
    ".",
    "sqlparse",
  ]
  pruneopts = "UT"
  revision = "06338513c2375c000ad94f050dce5ee2a5bdcdc6"

[[projects]]
  digest = "1:297db10f51274a55b99badf430924b440c7285bda8273761321353e60d41e254"
  name = "go.uber.org/dig"
  packages = [
    ".",
    "internal/digreflect",
    "internal/dot",
  ]
  pruneopts = "UT"
  revision = "be3040509ed2f4075ec55f1f6632596608477a23"
  version = "v1.8.0"

[[projects]]
  branch = "master"
  digest = "1:334b27eac455cb6567ea28cd424230b07b1a64334a2f861a8075ac26ce10af43"
  name = "golang.org/x/lint"
  packages = [
    ".",
    "golint",
  ]
  pruneopts = "UT"
  revision = "fdd1cda4f05fd1fd86124f0ef9ce31a0b72c8448"

[[projects]]
  branch = "master"
  digest = "1:4eb5ea8395fb60212dd58b92c9db80bab59d5e99c7435f9a6a0a528c373b60e7"
  name = "golang.org/x/tools"
  packages = [
    "go/ast/astutil",
    "go/gcexportdata",
    "go/internal/gcimporter",
    "go/types/typeutil",
  ]
  pruneopts = "UT"
  revision = "831fdb1e186882bbedf9151908fa813db5682da3"

[[projects]]
  digest = "1:1b36b0cb56126316f637ad55cfd5ed84c945fe45bd90e944666b4107a80a1da9"
  name = "gopkg.in/gorp.v1"
  packages = ["."]
  pruneopts = "UT"
  revision = "6a667da9c028871f98598d85413e3fc4c6daa52e"
  version = "v1.7.2"

[solve-meta]
  analyzer-name = "dep"
  analyzer-version = 1
  input-imports = [
    "github.com/lib/pq",
    "github.com/rubenv/sql-migrate",
    "go.uber.org/dig",
  ]
  solver-name = "gps-cdcl"
  solver-version = 1
